
Microsoft Visual Studio Solution File, Format Version 12.00
# Visual Studio 15
VisualStudioVersion = 15.0.27130.2036
MinimumVisualStudioVersion = 10.0.40219.1
Project("{FAE04EC0-301F-11D3-BF4B-00C04F79EFBC}") = "SimpleCalculator", "SimpleCalculator\SimpleCalculator.csproj", "{97A6EA33-A8DA-4D2D-9C2F-536E667F2027}"
EndProject
Project("{FAE04EC0-301F-11D3-BF4B-00C04F79EFBC}") = "SimpleCalculator.Test.Unit", "SimpleCalculator.Test.Unit\SimpleCalculator.Test.Unit.csproj", "{89DC1EE6-7449-466B-905D-716A7074CA4A}"
EndProject
Global
	GlobalSection(SolutionConfigurationPlatforms) = preSolution
		Debug|Any CPU = Debug|Any CPU
		Release|Any CPU = Release|Any CPU
	EndGlobalSection
	GlobalSection(ProjectConfigurationPlatforms) = postSolution
		{97A6EA33-A8DA-4D2D-9C2F-536E667F2027}.Debug|Any CPU.ActiveCfg = Debug|Any CPU
		{97A6EA33-A8DA-4D2D-9C2F-536E667F2027}.Debug|Any CPU.Build.0 = Debug|Any CPU
		{97A6EA33-A8DA-4D2D-9C2F-536E667F2027}.Release|Any CPU.ActiveCfg = Release|Any CPU
		{97A6EA33-A8DA-4D2D-9C2F-536E667F2027}.Release|Any CPU.Build.0 = Release|Any CPU
		{89DC1EE6-7449-466B-905D-716A7074CA4A}.Debug|Any CPU.ActiveCfg = Debug|Any CPU
		{89DC1EE6-7449-466B-905D-716A7074CA4A}.Debug|Any CPU.Build.0 = Debug|Any CPU
		{89DC1EE6-7449-466B-905D-716A7074CA4A}.Release|Any CPU.ActiveCfg = Release|Any CPU
		{89DC1EE6-7449-466B-905D-716A7074CA4A}.Release|Any CPU.Build.0 = Release|Any CPU
	EndGlobalSection
	GlobalSection(SolutionProperties) = preSolution
		HideSolutionNode = FALSE
	EndGlobalSection
	GlobalSection(ExtensibilityGlobals) = postSolution
		SolutionGuid = {BEDBF45C-C7ED-482B-8291-E1AC20B880C2}
	EndGlobalSection
EndGlobal
